
Microsoft Visual Studio Solution File, Format Version 12.00
# Visual Studio Version 16
VisualStudioVersion = 16.0.32228.343
MinimumVisualStudioVersion = 10.0.40219.1
Project("{FAE04EC0-301F-11D3-BF4B-00C04F79EFBC}") = "AjudaProfessor", "AjudaProfessor\AjudaProfessor.csproj", "{941B297E-DB7D-4997-86D4-63BFE97BF9F3}"
EndProject
Global
	GlobalSection(SolutionConfigurationPlatforms) = preSolution
		Debug|Any CPU = Debug|Any CPU
		Release|Any CPU = Release|Any CPU
	EndGlobalSection
	GlobalSection(ProjectConfigurationPlatforms) = postSolution
		{941B297E-DB7D-4997-86D4-63BFE97BF9F3}.Debug|Any CPU.ActiveCfg = Debug|Any CPU
		{941B297E-DB7D-4997-86D4-63BFE97BF9F3}.Debug|Any CPU.Build.0 = Debug|Any CPU
		{941B297E-DB7D-4997-86D4-63BFE97BF9F3}.Release|Any CPU.ActiveCfg = Release|Any CPU
		{941B297E-DB7D-4997-86D4-63BFE97BF9F3}.Release|Any CPU.Build.0 = Release|Any CPU
	EndGlobalSection
	GlobalSection(SolutionProperties) = preSolution
		HideSolutionNode = FALSE
	EndGlobalSection
	GlobalSection(ExtensibilityGlobals) = postSolution
		SolutionGuid = {15AC2FD1-9194-4A97-A073-7792D91C6E2A}
	EndGlobalSection
EndGlobal
